lockfileVersion: '9.0'

settings:
  autoInstallPeers: true
  excludeLinksFromLockfile: false

importers:

  .:
    dependencies:
      '@hyperframes/producer':
        specifier: 0.7.68
        version: 0.7.68
      gsap:
        specifier: 3.14.2
        version: 3.14.2
      lottie-web:
        specifier: 5.13.0
        version: 5.13.0

packages:

  '@babel/helper-string-parser@7.29.7':
    resolution: {integrity: sha512-Pb5ijPrZ89GDH8223L4UP8i6QApWxs04RbPQJTeWDV0/keR2E36MeKnyr6LYmUUvqRRI+Iv87SuF1W6ErINzYw==}
    engines: {node: '>=6.9.0'}

  '@babel/helper-validator-identifier@7.29.7':
    resolution: {integrity: sha512-qehxGkRj55h/ff8EMaJ+cYhyaKlHIxqYDn682wQD7RNp9UujOQsHog2uS0r2vzr4pW+sXf90NeeayjcNaX3fFg==}
    engines: {node: '>=6.9.0'}

  '@babel/parser@7.29.7':
    resolution: {integrity: sha512-hnORnjP/1P/zFEndoeX+n+t1RwWRJiJpM/jO7FW32Kn9r5+sJB2JWOdYo4L6k78j15eCwY3Gm/7364B1EMwtNg==}
    engines: {node: '>=6.0.0'}
    hasBin: true

  '@babel/types@7.29.7':
    resolution: {integrity: sha512-4zBIxpPzowiZpusoFkyGVwakdRJUyuH5PxQ/PrqghfdFWWasvnCdPfQXHrenDai+gyLARulZjZowCOj6fjT4pA==}
    engines: {node: '>=6.9.0'}

  '@chenglou/pretext@0.0.5':
    resolution: {integrity: sha512-A8GZN10REdFGsyuiUgLV8jjPDDFMg5GmgxGWV0I3igxBOnzj+jgz2VMmVD7g+SFyoctfeqHFxbNatKSzVRWtRg==}

  '@esbuild/aix-ppc64@0.25.12':
    resolution: {integrity: sha512-Hhmwd6CInZ3dwpuGTF8fJG6yoWmsToE+vYgD4nytZVxcu1ulHpUQRAB1UJ8+N1Am3Mz4+xOByoQoSZf4D+CpkA==}
    engines: {node: '>=18'}
    cpu: [ppc64]
    os: [aix]

  '@esbuild/android-arm64@0.25.12':
    resolution: {integrity: sha512-6AAmLG7zwD1Z159jCKPvAxZd4y/VTO0VkprYy+3N2FtJ8+BQWFXU+OxARIwA46c5tdD9SsKGZ/1ocqBS/gAKHg==}
    engines: {node: '>=18'}
    cpu: [arm64]
    os: [android]

  '@esbuild/android-arm@0.25.12':
    resolution: {integrity: sha512-VJ+sKvNA/GE7Ccacc9Cha7bpS8nyzVv0jdVgwNDaR4gDMC/2TTRc33Ip8qrNYUcpkOHUT5OZ0bUcNNVZQ9RLlg==}
    engines: {node: '>=18'}
    cpu: [arm]
    os: [android]

  '@esbuild/android-x64@0.25.12':
    resolution: {integrity: sha512-5jbb+2hhDHx5phYR2By8GTWEzn6I9UqR11Kwf22iKbNpYrsmRB18aX/9ivc5cabcUiAT/wM+YIZ6SG9QO6a8kg==}
    engines: {node: '>=18'}
    cpu: [x64]
    os: [android]

  '@esbuild/darwin-arm64@0.25.12':
    resolution: {integrity: sha512-N3zl+lxHCifgIlcMUP5016ESkeQjLj/959RxxNYIthIg+CQHInujFuXeWbWMgnTo4cp5XVHqFPmpyu9J65C1Yg==}
    engines: {node: '>=18'}
    cpu: [arm64]
    os: [darwin]

  '@esbuild/darwin-x64@0.25.12':
    resolution: {integrity: sha512-HQ9ka4Kx21qHXwtlTUVbKJOAnmG1ipXhdWTmNXiPzPfWKpXqASVcWdnf2bnL73wgjNrFXAa3yYvBSd9pzfEIpA==}
    engines: {node: '>=18'}
    cpu: [x64]
    os: [darwin]

  '@esbuild/freebsd-arm64@0.25.12':
    resolution: {integrity: sha512-gA0Bx759+7Jve03K1S0vkOu5Lg/85dou3EseOGUes8flVOGxbhDDh/iZaoek11Y8mtyKPGF3vP8XhnkDEAmzeg==}
    engines: {node: '>=18'}
    cpu: [arm64]
    os: [freebsd]

  '@esbuild/freebsd-x64@0.25.12':
    resolution: {integrity: sha512-TGbO26Yw2xsHzxtbVFGEXBFH0FRAP7gtcPE7P5yP7wGy7cXK2oO7RyOhL5NLiqTlBh47XhmIUXuGciXEqYFfBQ==}
    engines: {node: '>=18'}
    cpu: [x64]
    os: [freebsd]

  '@esbuild/linux-arm64@0.25.12':
    resolution: {integrity: sha512-8bwX7a8FghIgrupcxb4aUmYDLp8pX06rGh5HqDT7bB+8Rdells6mHvrFHHW2JAOPZUbnjUpKTLg6ECyzvas2AQ==}
    engines: {node: '>=18'}
    cpu: [arm64]
    os: [linux]

  '@esbuild/linux-arm@0.25.12':
    resolution: {integrity: sha512-lPDGyC1JPDou8kGcywY0YILzWlhhnRjdof3UlcoqYmS9El818LLfJJc3PXXgZHrHCAKs/Z2SeZtDJr5MrkxtOw==}
    engines: {node: '>=18'}
    cpu: [arm]
    os: [linux]

  '@esbuild/linux-ia32@0.25.12':
    resolution: {integrity: sha512-0y9KrdVnbMM2/vG8KfU0byhUN+EFCny9+8g202gYqSSVMonbsCfLjUO+rCci7pM0WBEtz+oK/PIwHkzxkyharA==}
    engines: {node: '>=18'}
    cpu: [ia32]
    os: [linux]

  '@esbuild/linux-loong64@0.25.12':
    resolution: {integrity: sha512-h///Lr5a9rib/v1GGqXVGzjL4TMvVTv+s1DPoxQdz7l/AYv6LDSxdIwzxkrPW438oUXiDtwM10o9PmwS/6Z0Ng==}
    engines: {node: '>=18'}
    cpu: [loong64]
    os: [linux]

  '@esbuild/linux-mips64el@0.25.12':
    resolution: {integrity: sha512-iyRrM1Pzy9GFMDLsXn1iHUm18nhKnNMWscjmp4+hpafcZjrr2WbT//d20xaGljXDBYHqRcl8HnxbX6uaA/eGVw==}
    engines: {node: '>=18'}
    cpu: [mips64el]
    os: [linux]

  '@esbuild/linux-ppc64@0.25.12':
    resolution: {integrity: sha512-9meM/lRXxMi5PSUqEXRCtVjEZBGwB7P/D4yT8UG/mwIdze2aV4Vo6U5gD3+RsoHXKkHCfSxZKzmDssVlRj1QQA==}
    engines: {node: '>=18'}
    cpu: [ppc64]
    os: [linux]

  '@esbuild/linux-riscv64@0.25.12':
    resolution: {integrity: sha512-Zr7KR4hgKUpWAwb1f3o5ygT04MzqVrGEGXGLnj15YQDJErYu/BGg+wmFlIDOdJp0PmB0lLvxFIOXZgFRrdjR0w==}
    engines: {node: '>=18'}
    cpu: [riscv64]
    os: [linux]

  '@esbuild/linux-s390x@0.25.12':
    resolution: {integrity: sha512-MsKncOcgTNvdtiISc/jZs/Zf8d0cl/t3gYWX8J9ubBnVOwlk65UIEEvgBORTiljloIWnBzLs4qhzPkJcitIzIg==}
    engines: {node: '>=18'}
    cpu: [s390x]
    os: [linux]

  '@esbuild/linux-x64@0.25.12':
    resolution: {integrity: sha512-uqZMTLr/zR/ed4jIGnwSLkaHmPjOjJvnm6TVVitAa08SLS9Z0VM8wIRx7gWbJB5/J54YuIMInDquWyYvQLZkgw==}
    engines: {node: '>=18'}
    cpu: [x64]
    os: [linux]

  '@esbuild/netbsd-arm64@0.25.12':
    resolution: {integrity: sha512-xXwcTq4GhRM7J9A8Gv5boanHhRa/Q9KLVmcyXHCTaM4wKfIpWkdXiMog/KsnxzJ0A1+nD+zoecuzqPmCRyBGjg==}
    engines: {node: '>=18'}
    cpu: [arm64]
    os: [netbsd]

  '@esbuild/netbsd-x64@0.25.12':
    resolution: {integrity: sha512-Ld5pTlzPy3YwGec4OuHh1aCVCRvOXdH8DgRjfDy/oumVovmuSzWfnSJg+VtakB9Cm0gxNO9BzWkj6mtO1FMXkQ==}
    engines: {node: '>=18'}
    cpu: [x64]
    os: [netbsd]

  '@esbuild/openbsd-arm64@0.25.12':
    resolution: {integrity: sha512-fF96T6KsBo/pkQI950FARU9apGNTSlZGsv1jZBAlcLL1MLjLNIWPBkj5NlSz8aAzYKg+eNqknrUJ24QBybeR5A==}
    engines: {node: '>=18'}
    cpu: [arm64]
    os: [openbsd]

  '@esbuild/openbsd-x64@0.25.12':
    resolution: {integrity: sha512-MZyXUkZHjQxUvzK7rN8DJ3SRmrVrke8ZyRusHlP+kuwqTcfWLyqMOE3sScPPyeIXN/mDJIfGXvcMqCgYKekoQw==}
    engines: {node: '>=18'}
    cpu: [x64]
    os: [openbsd]

  '@esbuild/openharmony-arm64@0.25.12':
    resolution: {integrity: sha512-rm0YWsqUSRrjncSXGA7Zv78Nbnw4XL6/dzr20cyrQf7ZmRcsovpcRBdhD43Nuk3y7XIoW2OxMVvwuRvk9XdASg==}
    engines: {node: '>=18'}
    cpu: [arm64]
    os: [openharmony]

  '@esbuild/sunos-x64@0.25.12':
    resolution: {integrity: sha512-3wGSCDyuTHQUzt0nV7bocDy72r2lI33QL3gkDNGkod22EsYl04sMf0qLb8luNKTOmgF/eDEDP5BFNwoBKH441w==}
    engines: {node: '>=18'}
    cpu: [x64]
    os: [sunos]

  '@esbuild/win32-arm64@0.25.12':
    resolution: {integrity: sha512-rMmLrur64A7+DKlnSuwqUdRKyd3UE7oPJZmnljqEptesKM8wx9J8gx5u0+9Pq0fQQW8vqeKebwNXdfOyP+8Bsg==}
    engines: {node: '>=18'}
    cpu: [arm64]
    os: [win32]

  '@esbuild/win32-ia32@0.25.12':
    resolution: {integrity: sha512-HkqnmmBoCbCwxUKKNPBixiWDGCpQGVsrQfJoVGYLPT41XWF8lHuE5N6WhVia2n4o5QK5M4tYr21827fNhi4byQ==}
    engines: {node: '>=18'}
    cpu: [ia32]
    os: [win32]

  '@esbuild/win32-x64@0.25.12':
    resolution: {integrity: sha512-alJC0uCZpTFrSL0CCDjcgleBXPnCrEAhTBILpeAp7M/OFgoqtAetfBzX0xM00MUsVVPpVjlPuMbREqnZCXaTnA==}
    engines: {node: '>=18'}
    cpu: [x64]
    os: [win32]

  '@fontsource/archivo-black@5.3.0':
    resolution: {integrity: sha512-7EsTIQ+Blf96ktpzTUpI7msi+u9/AJxM/GZxOSkEubVd1jSTrFSTNxMgfpX/8rQsjZ+19a+qvRbtcTEp5J/72g==}

  '@fontsource/eb-garamond@5.3.0':
    resolution: {integrity: sha512-VplwHpB8FLuzl+4G5LDci1b3Z4SghiuXH8XEgaxjnOb5aue5mEt1njmDKeO6iyLeGa73LffU7PC7hzncLRx0ZA==}

  '@fontsource/ibm-plex-mono@5.3.0':
    resolution: {integrity: sha512-eTgnZjZEGk1QtD3ZstF+Vclo2HLAni8YMy34/DxllwZvyz1lR/1RF/xTiAquOBO7MvqBx8D2Ig2WCPMVfdZu7Q==}

  '@fontsource/inter@5.3.0':
    resolution: {integrity: sha512-RofMylZmjlJEfELXeNHFWBRcSs75rGU/6bV2S2jfnvv/3rPXPGe0LgUJTklcHZ9lM4OZmAVFhcJPnACfb91A3g==}

  '@fontsource/jetbrains-mono@5.3.0':
    resolution: {integrity: sha512-fqDfB5I9f1p1TV486aUgB9t8zP84P0O1FtQR5Ol9vjwPy+S+EIGlVYm1cvj2W5shcZMTg2nZFdVMoH5wFu8a1A==}

  '@fontsource/league-gothic@5.3.0':
    resolution: {integrity: sha512-gqedetX+UlaiJgLiPnOzWGB1sY3OtNhS8YMjTy2D73AcsagIqpdIizssr1MStcUYf3D/zzanECuXawIgMGZxDg==}

  '@fontsource/montserrat@5.3.0':
    resolution: {integrity: sha512-iQPDtZOnmM5ih4JBGaMSXisRap0ixb9bAUw2hDtY7EjVfaqiiNlKtVuJl9XclxUwtwMMHNcWXfQR6zI9x05+Tg==}

  '@fontsource/nunito@5.3.0':
    resolution: {integrity: sha512-vw9TaTQJ/zpEpKrsODuPmOvaVjXgdda6B+xXA4YqjrdeJ62MLgVoDerdRXFQHyBnSCt2yQ2nHKCHPP/Pv7Xq4Q==}

  '@fontsource/oswald@5.3.0':
    resolution: {integrity: sha512-16r2aHActe0pH+9FLdk/74/YxXM7HpGak05kAzx3RvSToiJwGvyhv6GvckPz+YuZmvL1nxWbEop2jAXRcXYPRg==}

  '@fontsource/outfit@5.3.0':
    resolution: {integrity: sha512-0AVHzTTVJSxWDOxPKSfMeHhZeBFDU3cmgrcOb76ZEyhGo0+xgyG3GsLF3h9+X8w0IX7G4jzjJgFQEBiWdX6VgA==}

  '@fontsource/space-mono@5.3.0':
    resolution: {integrity: sha512-FrpBMOVWn3PRdRHlrZWC55X3kZG/2BTH7SM5ZyS/bky3iKya2BturI5lk+t0RoDQL2JyHzURsVq/EisCsxpI5A==}

  '@hono/node-server@1.19.14':
    resolution: {integrity: sha512-GwtvgtXxnWsucXvbQXkRgqksiH2Qed37H9xHZocE5sA3N8O8O8/8FA3uclQXxXVzc9XBZuEOMK7+r02FmSpHtw==}
    engines: {node: '>=18.14.1'}
    peerDependencies:
      hono: ^4

  '@hyperframes/core@0.7.68':
    resolution: {integrity: sha512-ZuX7Kn+3+UOcUCNOr65gIFF32mdPOHAOMdnViKuyGn/9qcp3hXSsY7CH3kia/qfVPlv1HQ+zk8m3+QFLgy3Jew==}

  '@hyperframes/engine@0.7.68':
    resolution: {integrity: sha512-5tsDuaLANXdzdVBBGlOm9G1wDo7MyMN31jYy6SSVDH+lhjKKjDTKaAkOyQE0g6k9irR55L1BIagFPWGJu49g+w==}
    engines: {node: '>=22'}

  '@hyperframes/lint@0.7.68':
    resolution: {integrity: sha512-0QM7ojVWgsdT5hoBVRpDhO5tkjrz7J+eWT6qrcdz4Hi8Tp2w1sr0JrtfCcqLAGRO2zBXApWAZ/sPfRiIc/5yhg==}

  '@hyperframes/parsers@0.7.68':
    resolution: {integrity: sha512-WxWzVdQ4Mpm4muwIcDuEbI52YyMA9q9xehJBbns+c3zVaxeJ68OWESiyw+qmfcZnxBJ5Qyb88DPqLHhiYuRHEA==}

  '@hyperframes/producer@0.7.68':
    resolution: {integrity: sha512-j3EX1Ooj+ZGu/VQPf9xoSqQ5aZAv2k8gG3Sszi9RS3IsAl7osTW5/AnmXSSAHxwLFW7LNzz3jaaon5/cGcC1EA==}
    engines: {node: '>=22'}

  '@hyperframes/studio-server@0.7.68':
    resolution: {integrity: sha512-yOURuFLl2/fTbY3org0UOxjLF9aJ19ZPWHFUMbpHYdRLYj3gETD9ZAL59GgXcUtTEpa+/aSixui0C3ZtaqwKOA==}

  '@jridgewell/sourcemap-codec@1.5.5':
    resolution: {integrity: sha512-cYQ9310grqxueWbl+WuIUIaiUaDcj7WOq5fVhEljNVgRfOUhY9fy2zTvfoqWsnebh8Sl70VScFbICvJnLKB0Og==}

  '@puppeteer/browsers@3.0.6':
    resolution: {integrity: sha512-B/gKoqlFkzhvzsI6jo9K1cZz9o5ypviVv/xu8CwA4grZzyVwN+XfkT+tu8T1zrauuEXv6VhS2oGX+6NL95WcKA==}
    engines: {node: '>=22.12.0'}
    hasBin: true
    peerDependencies:
      proxy-agent: '>=8.0.1'
      yauzl: ^2.10.0 || ^3.4.0
    peerDependenciesMeta:
      proxy-agent:
        optional: true
      yauzl:
        optional: true

  acorn-walk@8.3.5:
    resolution: {integrity: sha512-HEHNfbars9v4pgpW6SO1KSPkfoS0xVOM/9UzkJltjlsHZmJasxg8aXkuZa7SMf8vKGIBhpUsPluQSqhJFCqebw==}
    engines: {node: '>=0.4.0'}

  acorn@8.17.0:
    resolution: {integrity: sha512-xRQbDb9BnwDafYNn6Vwl839DYVjqXYb1XVGtWAZ1kcDc6iwAL4hg3B1dZlRiuENFeO2H53gFG3in621AdERVAg==}
    engines: {node: '>=0.4.0'}
    hasBin: true

  ansi-regex@6.2.2:
    resolution: {integrity: sha512-Bq3SmSpyFHaWjPk8If9yc6svM8c56dB5BAtW4Qbw5jHTwwXXcTLoRMkpDJp6VL0XzlWaCHTXrkFURMYmD0sLqg==}
    engines: {node: '>=12'}

  ansi-styles@6.2.3:
    resolution: {integrity: sha512-4Dj6M28JB+oAH8kFkTLUo+a2jwOFkuqb3yucU0CANcRRUbxS0cP0nZYCGjcc3BNXwRIsUVmDGgzawme7zvJHvg==}
    engines: {node: '>=12'}

  argparse@2.0.1:
    resolution: {integrity: sha512-8+9WqebbFzpX9OR+Wa6O29asIogeRMzcGtAINdpMHHyAg10f05aSFVBbcEqGf/PXw1EjAZ+q2/bEBg3DvurK3Q==}

  ast-types@0.16.1:
    resolution: {integrity: sha512-6t10qk83GOG8p0vKmaCr8eiilZwO171AvbROMtvvNiwrTly62t+7XkA8RdIIVbpMhCASAsxgAzdRSwh6nw/5Dg==}
    engines: {node: '>=4'}

  boolbase@2.0.0:
    resolution: {integrity: sha512-DkVaaQHymRhpYEYo9x1oo7Q7B0Y6KJUsjm3c9eTyFDby4MHLBTwZ6ZDWBel5zrYxj1WsZgC5oLpiz+93MluXeA==}
    engines: {node: '>=20.19.0'}

  bpm-detective@2.0.5:
    resolution: {integrity: sha512-FaHFT5WDCR5zwtjVTqxk01o2MDaf22ORHityX1lxMamBcVNX6NWXB6hw7nx4fmlEseRMv0xfuSybINZylljLfA==}

  chromium-bidi@16.0.1:
    resolution: {integrity: sha512-J63PGu/9PpeCwLIcKYyzWP6yaVL5pxuBc0shlYCYM8BaAkmlwiQboXO1iNbOgSDbVklEyYFfNEcHD8oOAWacUA==}
    engines: {node: '>=20.19.0 <22.0.0 || >=22.12.0'}
    peerDependencies:
      devtools-protocol: '*'

  cliui@9.0.1:
    resolution: {integrity: sha512-k7ndgKhwoQveBL+/1tqGJYNz097I7WOvwbmmU2AR5+magtbjPWQTS1C5vzGkBC8Ym8UWRzfKUzUUqFLypY4Q+w==}
    engines: {node: '>=20'}

  css-select@7.0.0:
    resolution: {integrity: sha512-snmjEVXy+1LnwXdxhYvTMj1d9tOh4HxkA1YmoayVBeeyR2C14Pum7fcxJIm4SswYspVy866eYNwlH6xC3/VH5g==}
    engines: {node: '>=20.19.0'}

  css-what@8.0.0:
    resolution: {integrity: sha512-DH0Bqq3DNp5tdOReuNyAA+Ev4Y2GS5FMbZpeTLP6C4CDi0h5nL0BmUPChXw3o/qbHLDWHl49sbNqQVY7bMSDdw==}
    engines: {node: '>=20.19.0'}

  cssesc@3.0.0:
    resolution: {integrity: sha512-/Tb/JcjK111nNScGob5MNtsntNM1aCNUDipB/TkwZFhyDrrE47SOx/18wF2bbjgc3ZzCSKW1T5nt5EbFoAz/Vg==}
    engines: {node: '>=4'}
    hasBin: true

  cssom@0.5.0:
    resolution: {integrity: sha512-iKuQcq+NdHqlAcwUY0o/HL69XQrUaQdMjmStJ8JFmUaiiQErlhrmuigkg/CU4E2J0IyUKUrMAgl36TvN67MqTw==}

  devtools-protocol@0.0.1638949:
    resolution: {integrity: sha512-mXwg4Fqnv0WR4iuAT/gYUmctNkjILwXFHyZ+m7Ty1dfr0ezZt2U3gnrrJTfRobJTHoXf+IbuFvFITzLrLFjwJA==}

  dom-serializer@2.0.0:
    resolution: {integrity: sha512-wIkAryiqt/nV5EQKqQpo3SToSOV9J0DnbJqwK7Wv/Trc92zIAYZ4FlMu+JPFW1DfGFt81ZTCGgDEabffXeLyJg==}

  dom-serializer@3.1.1:
    resolution: {integrity: sha512-4MEa38/QexBob6gFNwu+EGdWvhJ1OKuNwdYY3Y3NyeWDQfnGeDYQUDfIRzWu5B5gsv03so2Uxd28YC6zrsx3Lw==}
    engines: {node: '>=20.19.0'}

  domelementtype@2.3.0:
    resolution: {integrity: sha512-OLETBj6w0OsagBwdXnPdN0cnMfF9opN69co+7ZrbfPGrdpPVNBUj02spi6B1N7wChLQiPn4CSH/zJvXw56gmHw==}

  domelementtype@3.0.0:
    resolution: {integrity: sha512-umCQid3jKbDmVjx8jGaW7uUykm4DEUeyV21hPxNMo2nV955DhUThwqyOIDtreepP31hl84X7G5U9ZfsWvIB3Pg==}
    engines: {node: '>=20.19.0'}

  domhandler@5.0.3:
    resolution: {integrity: sha512-cgwlv/1iFQiFnU96XXgROh8xTeetsnJiDsTc7TYCLFd9+/WNkIqPTxiM/8pSd8VIrhXGTf1Ny1q1hquVqDJB5w==}
    engines: {node: '>= 4'}

  domhandler@6.0.1:
    resolution: {integrity: sha512-gYzvtM72ZtxQO0T048kd6HWSbbGCNOUwcnfQ01cqIJ4X2IYKFFHZ5mKvrQETcFXxsRObZulDaKmy//R7TPtsBg==}
    engines: {node: '>=20.19.0'}

  domutils@3.2.2:
    resolution: {integrity: sha512-6kZKyUajlDuqlHKVX1w7gyslj9MPIXzIFiz/rGu35uC1wMi+kMhQwGhl4lt9unC9Vb9INnY9Z3/ZA3+FhASLaw==}

  domutils@4.0.2:
    resolution: {integrity: sha512-qI4JLRKnSzqFqr7hAlS5xQDusBCjKSEG4t4+7aNrIQMHBcsC2TGEhuyABJdYkgSewL57PNLYEiibY2iPKhKpaA==}
    engines: {node: '>=20.19.0'}

  emoji-regex@10.6.0:
    resolution: {integrity: sha512-toUI84YS5YmxW219erniWD0CIVOo46xGKColeNQRgOzDorgBi1v4D71/OFzgD9GO2UGKIv1C3Sp8DAn0+j5w7A==}

  entities@4.5.0:
    resolution: {integrity: sha512-V0hjH4dGPh9Ao5p0MoRY6BVqtwCjhz6vI5LT8AJ55H+4g9/4vbHx1I54fS0XuclLhDHArPQCiMjDxjaL8fPxhw==}
    engines: {node: '>=0.12'}

  entities@7.0.1:
    resolution: {integrity: sha512-TWrgLOFUQTH994YUyl1yT4uyavY5nNB5muff+RtWaqNVCAK408b5ZnnbNAUEWLTCpum9w6arT70i1XdQ4UeOPA==}
    engines: {node: '>=0.12'}

  entities@8.0.0:
    resolution: {integrity: sha512-zwfzJecQ/Uej6tusMqwAqU/6KL2XaB2VZ2Jg54Je6ahNBGNH6Ek6g3jjNCF0fG9EWQKGZNddNjU5F1ZQn/sBnA==}
    engines: {node: '>=20.19.0'}

  esbuild@0.25.12:
    resolution: {integrity: sha512-bbPBYYrtZbkt6Os6FiTLCTFxvq4tt3JKall1vRwshA3fdVztsLAatFaZobhkBC8/BrPetoa0oksYoKXoG4ryJg==}
    engines: {node: '>=18'}
    hasBin: true

  escalade@3.2.0:
    resolution: {integrity: sha512-WUj2qlxaQtO4g6Pq5c29GTcWGDyd8itL8zTlipgECz3JesAiiOKotd8JU6otB3PACgG6xkJUyVhboMS+bje/jA==}
    engines: {node: '>=6'}

  esprima@4.0.1:
    resolution: {integrity: sha512-eGuFFw7Upda+g4p+QHvnW0RyTX/SVeJBDM/gCtMARO0cLuT2HcEKnTPvhjV6aGeqrCB/sbNop0Kszm0jsaWU4A==}
    engines: {node: '>=4'}
    hasBin: true

  get-caller-file@2.0.5:
    resolution: {integrity: sha512-DyFP3BM/3YHTQOCUL/w0OZHR0lpKeGrxotcHWcqNEdnltqFwXVfhEBQ94eIo34AfQpo0rGki4cyIiftY06h2Fg==}
    engines: {node: 6.* || 8.* || >= 10.*}

  get-east-asian-width@1.6.0:
    resolution: {integrity: sha512-QRbvDIbx6YklUe6RxeTeleMR0yv3cYH6PsPZHcnVn7xv7zO1BHN8r0XETu8n6Ye3Q+ahtSarc3WgtNWmehIBfA==}
    engines: {node: '>=18'}

  gsap@3.14.2:
    resolution: {integrity: sha512-P8/mMxVLU7o4+55+1TCnQrPmgjPKnwkzkXOK1asnR9Jg2lna4tEY5qBJjMmAaOBDDZWtlRjBXjLa0w53G/uBLA==}

  hono@4.12.31:
    resolution: {integrity: sha512-zJIHFrl6bq3RDd2YusFNCDlM8qUprxKswyi/OPzPyzKDdyBXDqWx8bZlZ7R+saTdSTatUmb3O7K4SspGPaEOQg==}
    engines: {node: '>=16.9.0'}

  html-escaper@3.0.3:
    resolution: {integrity: sha512-RuMffC89BOWQoY0WKGpIhn5gX3iI54O6nRA0yC124NYVtzjmFWBIiFd8M0x+ZdX0P9R4lADg1mgP8C7PxGOWuQ==}

  htmlparser2@10.1.0:
    resolution: {integrity: sha512-VTZkM9GWRAtEpveh7MSF6SjjrpNVNNVJfFup7xTY3UpFtm67foy9HDVXneLtFVt4pMz5kZtgNcvCniNFb1hlEQ==}

  lilconfig@3.1.3:
    resolution: {integrity: sha512-/vlFKAoH5Cgt3Ie+JLhRbwOsCQePABiU3tJ1egGvyQ+33R/vcwM2Zl2QR/LzjsBeItPt3oSVXapn+m4nQDvpzw==}
    engines: {node: '>=14'}

  linkedom@0.18.13:
    resolution: {integrity: sha512-ES/o9qotMpzpN2MHs+Iq/JcVoOj8Fa5wiQYrTdFpvAnwXL0g66XHHUc9WUMk6nAlBtGsFQ24ne+SYnvnaQ2FSw==}
    engines: {node: '>=16'}
    peerDependencies:
      canvas: '>= 2'
    peerDependenciesMeta:
      canvas:
        optional: true

  lottie-web@5.13.0:
    resolution: {integrity: sha512-+gfBXl6sxXMPe8tKQm7qzLnUy5DUPJPKIyRHwtpCpyUEYjHYRJC/5gjUvdkuO2c3JllrPtHXH5UJJK8LRYl5yQ==}

  magic-string@0.30.21:
    resolution: {integrity: sha512-vd2F4YUyEXKGcLHoq+TEyCjxueSeHnFxyyjNp80yg0XV4vUhnDer/lvvlqM/arB5bXQN5K2/3oinyCRyx8T2CQ==}

  mitt@3.0.1:
    resolution: {integrity: sha512-vKivATfr97l2/QBCYAkXYDbrIWPM2IIKEl7YPhjCvKlG3kE2gm+uBo6nEXK3M5/Ffh/FLpKExzOQ3JJoJGFKBw==}

  modern-tar@0.7.7:
    resolution: {integrity: sha512-t9VmxaqrmANnEOBhpSDI6HD192Ge48k8vmWqQQL7hSFEqHEYwZbbsu49+aKLWZeRvFs3j1pMhXOqqF4kPlvjkQ==}
    engines: {node: '>=18.0.0'}

  nanoid@3.3.16:
    resolution: {integrity: sha512-bzlKTyNJ7+LdGIIwy8ijFpIqEQIvafahV7eYykJ8Cvh42EdJeODoJ6gUJXpQJvej1BddH8OqTXZNE/KfbWAu8Q==}
    engines: {node: ^10 || ^12 || ^13.7 || ^14 || >=15.0.1}
    hasBin: true

  nth-check@3.0.1:
    resolution: {integrity: sha512-GX0gsdbGVCgnRgbeGaubfjpBXyYRWOOCVeYh08bSQvDZqxz5ndXs1OTfAt/h36G1xvI94YIspsI0sVFqAV9+RQ==}
    engines: {node: '>=20.19.0'}

  picocolors@1.1.1:
    resolution: {integrity: sha512-xceH2snhtb5M9liqDsmEw56le376mTZkEX/jEb/RxNFyegNul7eNslCXP9FDj/Lcu0X8KEyMceP2ntpaHrDEVA==}

  postcss-selector-parser@7.1.4:
    resolution: {integrity: sha512-HeP7D2wyhkR+XaK6v4W8oRF62Dsz4flyuczALJp61GckGm42u1saSSJ/0auvcBqxs3jMRFEcPK34At/0JBKdOg==}
    engines: {node: '>=4'}

  postcss@8.5.21:
    resolution: {integrity: sha512-v4sDNP3fdNiWMfabO7OwOQdOX8TiQSztKyT1Wj0w+j7LDallJThJRBBBmzVGyYj0crMh7jlV4zepPkiNu9UwDQ==}
    engines: {node: ^10 || ^12 || >=14}

  puppeteer-core@25.3.0:
    resolution: {integrity: sha512-fm+wpUr2oigH1PXZvwgATrM2tYWHMDG8ASzTEe9uukCye4X5Ldx1K5BTHPFKITrIWvQQAQ256d1NpbEveBcKjA==}
    engines: {node: '>=22.12.0'}

  puppeteer@25.3.0:
    resolution: {integrity: sha512-O1tx8S315aw8eI99HZ5ZNcVEzJ9+jKF//eO5UvfZ3cXJ6okZ5sX3Y50u7DJaM+ewEK4LqXP068tBhfRaWikj+g==}
    engines: {node: '>=22.12.0'}
    hasBin: true

  recast@0.23.12:
    resolution: {integrity: sha512-dEWRjcINDu/F4l2dYx57ugBtD7HV9KXESyxhzw/MqWLeglJrsjJKqACPyUPg+6AF8mIgm+Zi0dZ3ACoIg+QtpA==}
    engines: {node: '>= 4'}

  source-map-js@1.2.1:
    resolution: {integrity: sha512-UXWMKhLOwVKb728IUtQPXxfYU+usdybtUrK/8uGE8CQMvrhOpwvzDBwj0QhSL7MQc7vIsISBG8VQ8+IDQxpfQA==}
    engines: {node: '>=0.10.0'}

  source-map@0.6.1:
    resolution: {integrity: sha512-UjgapumWlbMhkBgzT7Ykc5YXUT46F0iKu8SGXq0bcwP5dz/h0Plj6enJqjz1Zbq2l5WaqYnrVbwWOWMyF3F47g==}
    engines: {node: '>=0.10.0'}

  string-width@7.2.0:
    resolution: {integrity: sha512-tsaTIkKW9b4N+AEj+SVA+WhJzV7/zMhcSu78mLKWSk7cXMOSHsBKFWUs0fWwq8QyK3MgJBQRX6Gbi4kYbdvGkQ==}
    engines: {node: '>=18'}

  strip-ansi@7.2.0:
    resolution: {integrity: sha512-yDPMNjp4WyfYBkHnjIRLfca1i6KMyGCtsVgoKe/z1+6vukgaENdgGBZt+ZmKPc4gavvEZ5OgHfHdrazhgNyG7w==}
    engines: {node: '>=12'}

  tiny-invariant@1.3.3:
    resolution: {integrity: sha512-+FbBPE1o9QAYvviau/qC5SE3caw21q3xkvWKBtja5vgqOWIHHJ3ioaq1VPfn/Szqctz2bU/oYeKd9/z5BL+PVg==}

  tslib@2.8.1:
    resolution: {integrity: sha512-oJFu94HQb+KVduSUQL7wnpmqnfmLsOA/nAh6b6EH0wCEoK0/mPeXU6c3wKDV83MkOuHPRHtSXKKU99IBazS/2w==}

  typed-query-selector@2.12.2:
    resolution: {integrity: sha512-EOPFbyIub4ngnEdqi2yOcNeDLaX/0jcE1JoAXQDDMIthap7FoN795lc/SHfIq2d416VufXpM8z/lD+WRm2gfOQ==}

  uhyphen@0.2.0:
    resolution: {integrity: sha512-qz3o9CHXmJJPGBdqzab7qAYuW8kQGKNEuoHFYrBwV6hWIMcpAmxDLXojcHfFr9US1Pe6zUswEIJIbLI610fuqA==}

  util-deprecate@1.0.2:
    resolution: {integrity: sha512-EPD5q1uXyFxJpCrLnCc1nHnq3gOa6DZBocAIiI2TaSCA7VCJ1UJDMagCzIkXNsUYfD1daK//LTEQ8xiIbrHtcw==}

  wawoff2@2.0.1:
    resolution: {integrity: sha512-r0CEmvpH63r4T15ebFqeOjGqU4+EgTx4I510NtK35EMciSdcTxCw3Byy3JnBonz7iyIFZ0AbVo0bbFpEVuhCYA==}
    hasBin: true

  webdriver-bidi-protocol@0.4.2:
    resolution: {integrity: sha512-VSV+fzfChirL3e7jay2yUC7B4HQCGtEWEg/MSSQbK+qWbqeGlRLlXTzPpYr3XGUvbpDHumWZBJxgesg4N7dbtA==}

  wrap-ansi@9.0.2:
    resolution: {integrity: sha512-42AtmgqjV+X1VpdOfyTGOYRi0/zsoLqtXQckTmqTeybT+BDIbM/Guxo7x3pE2vtpr1ok6xRqM9OpBe+Jyoqyww==}
    engines: {node: '>=18'}

  ws@8.21.1:
    resolution: {integrity: sha512-+0NTnW77fFN/DjQi6k/Sq/Yvk4Sgajw7urW8V+asjXnRgDs9gyGkdb7EzgfhA4goXsRIZKE28fzIXBHEzhuiWw==}
    engines: {node: '>=10.0.0'}
    peerDependencies:
      bufferutil: ^4.0.1
      utf-8-validate: '>=5.0.2'
    peerDependenciesMeta:
      bufferutil:
        optional: true
      utf-8-validate:
        optional: true

  y18n@5.0.8:
    resolution: {integrity: sha512-0pfFzegeDWJHJIAmTLRP2DwHjdF5s7jo9tuztdQxAhINCdvS+3nGINqPd00AphqJR/0LhANUS6/+7SCb98YOfA==}
    engines: {node: '>=10'}

  yargs-parser@22.0.0:
    resolution: {integrity: sha512-rwu/ClNdSMpkSrUb+d6BRsSkLUq1fmfsY6TOpYzTwvwkg1/NRG85KBy3kq++A8LKQwX6lsu+aWad+2khvuXrqw==}
    engines: {node: ^20.19.0 || ^22.12.0 || >=23}

  yargs@18.0.0:
    resolution: {integrity: sha512-4UEqdc2RYGHZc7Doyqkrqiln3p9X2DZVxaGbwhn2pi7MrRagKaOcIKe8L3OxYcbhXLgLFUS3zAYuQjKBQgmuNg==}
    engines: {node: ^20.19.0 || ^22.12.0 || >=23}

  zod@3.25.76:
    resolution: {integrity: sha512-gzUt/qt81nXsFGKIFcC3YnfEAx5NkunCfnDlvuBSSFS02bcXu4Lmea0AFIUwbLWxWPx3d9p8S5QoaujKcNQxcQ==}

snapshots:

  '@babel/helper-string-parser@7.29.7': {}

  '@babel/helper-validator-identifier@7.29.7': {}

  '@babel/parser@7.29.7':
    dependencies:
      '@babel/types': 7.29.7

  '@babel/types@7.29.7':
    dependencies:
      '@babel/helper-string-parser': 7.29.7
      '@babel/helper-validator-identifier': 7.29.7

  '@chenglou/pretext@0.0.5': {}

  '@esbuild/aix-ppc64@0.25.12':
    optional: true

  '@esbuild/android-arm64@0.25.12':
    optional: true

  '@esbuild/android-arm@0.25.12':
    optional: true

  '@esbuild/android-x64@0.25.12':
    optional: true

  '@esbuild/darwin-arm64@0.25.12':
    optional: true

  '@esbuild/darwin-x64@0.25.12':
    optional: true

  '@esbuild/freebsd-arm64@0.25.12':
    optional: true

  '@esbuild/freebsd-x64@0.25.12':
    optional: true

  '@esbuild/linux-arm64@0.25.12':
    optional: true

  '@esbuild/linux-arm@0.25.12':
    optional: true

  '@esbuild/linux-ia32@0.25.12':
    optional: true

  '@esbuild/linux-loong64@0.25.12':
    optional: true

  '@esbuild/linux-mips64el@0.25.12':
    optional: true

  '@esbuild/linux-ppc64@0.25.12':
    optional: true

  '@esbuild/linux-riscv64@0.25.12':
    optional: true

  '@esbuild/linux-s390x@0.25.12':
    optional: true

  '@esbuild/linux-x64@0.25.12':
    optional: true

  '@esbuild/netbsd-arm64@0.25.12':
    optional: true

  '@esbuild/netbsd-x64@0.25.12':
    optional: true

  '@esbuild/openbsd-arm64@0.25.12':
    optional: true

  '@esbuild/openbsd-x64@0.25.12':
    optional: true

  '@esbuild/openharmony-arm64@0.25.12':
    optional: true

  '@esbuild/sunos-x64@0.25.12':
    optional: true

  '@esbuild/win32-arm64@0.25.12':
    optional: true

  '@esbuild/win32-ia32@0.25.12':
    optional: true

  '@esbuild/win32-x64@0.25.12':
    optional: true

  '@fontsource/archivo-black@5.3.0': {}

  '@fontsource/eb-garamond@5.3.0': {}

  '@fontsource/ibm-plex-mono@5.3.0': {}

  '@fontsource/inter@5.3.0': {}

  '@fontsource/jetbrains-mono@5.3.0': {}

  '@fontsource/league-gothic@5.3.0': {}

  '@fontsource/montserrat@5.3.0': {}

  '@fontsource/nunito@5.3.0': {}

  '@fontsource/oswald@5.3.0': {}

  '@fontsource/outfit@5.3.0': {}

  '@fontsource/space-mono@5.3.0': {}

  '@hono/node-server@1.19.14(hono@4.12.31)':
    dependencies:
      hono: 4.12.31

  '@hyperframes/core@0.7.68':
    dependencies:
      '@chenglou/pretext': 0.0.5
      '@hyperframes/lint': 0.7.68
      '@hyperframes/parsers': 0.7.68
      '@hyperframes/studio-server': 0.7.68
      bpm-detective: 2.0.5
      linkedom: 0.18.13
      postcss: 8.5.21
    optionalDependencies:
      esbuild: 0.25.12
    transitivePeerDependencies:
      - canvas

  '@hyperframes/engine@0.7.68':
    dependencies:
      '@hono/node-server': 1.19.14(hono@4.12.31)
      '@hyperframes/core': 0.7.68
      '@hyperframes/parsers': 0.7.68
      hono: 4.12.31
      linkedom: 0.18.13
      puppeteer: 25.3.0
      puppeteer-core: 25.3.0
    transitivePeerDependencies:
      - bufferutil
      - canvas
      - proxy-agent
      - utf-8-validate
      - yauzl

  '@hyperframes/lint@0.7.68':
    dependencies:
      '@hyperframes/parsers': 0.7.68
      htmlparser2: 10.1.0
      linkedom: 0.18.13
      postcss: 8.5.21
    transitivePeerDependencies:
      - canvas

  '@hyperframes/parsers@0.7.68':
    dependencies:
      '@babel/parser': 7.29.7
      acorn: 8.17.0
      acorn-walk: 8.3.5
      linkedom: 0.18.13
      magic-string: 0.30.21
      recast: 0.23.12
    transitivePeerDependencies:
      - canvas

  '@hyperframes/producer@0.7.68':
    dependencies:
      '@fontsource/archivo-black': 5.3.0
      '@fontsource/eb-garamond': 5.3.0
      '@fontsource/ibm-plex-mono': 5.3.0
      '@fontsource/inter': 5.3.0
      '@fontsource/jetbrains-mono': 5.3.0
      '@fontsource/league-gothic': 5.3.0
      '@fontsource/montserrat': 5.3.0
      '@fontsource/nunito': 5.3.0
      '@fontsource/oswald': 5.3.0
      '@fontsource/outfit': 5.3.0
      '@fontsource/space-mono': 5.3.0
      '@hono/node-server': 1.19.14(hono@4.12.31)
      '@hyperframes/core': 0.7.68
      '@hyperframes/engine': 0.7.68
      '@hyperframes/lint': 0.7.68
      '@hyperframes/parsers': 0.7.68
      '@hyperframes/studio-server': 0.7.68
      hono: 4.12.31
      linkedom: 0.18.13
      postcss: 8.5.21
      puppeteer: 25.3.0
      puppeteer-core: 25.3.0
      wawoff2: 2.0.1
    transitivePeerDependencies:
      - bufferutil
      - canvas
      - proxy-agent
      - utf-8-validate
      - yauzl

  '@hyperframes/studio-server@0.7.68':
    dependencies:
      '@hyperframes/core': 0.7.68
      '@hyperframes/parsers': 0.7.68
      hono: 4.12.31
      linkedom: 0.18.13
      postcss: 8.5.21
      postcss-selector-parser: 7.1.4
    transitivePeerDependencies:
      - canvas

  '@jridgewell/sourcemap-codec@1.5.5': {}

  '@puppeteer/browsers@3.0.6':
    dependencies:
      modern-tar: 0.7.7
      yargs: 18.0.0

  acorn-walk@8.3.5:
    dependencies:
      acorn: 8.17.0

  acorn@8.17.0: {}

  ansi-regex@6.2.2: {}

  ansi-styles@6.2.3: {}

  argparse@2.0.1: {}

  ast-types@0.16.1:
    dependencies:
      tslib: 2.8.1

  boolbase@2.0.0: {}

  bpm-detective@2.0.5: {}

  chromium-bidi@16.0.1(devtools-protocol@0.0.1638949):
    dependencies:
      devtools-protocol: 0.0.1638949
      mitt: 3.0.1
      zod: 3.25.76

  cliui@9.0.1:
    dependencies:
      string-width: 7.2.0
      strip-ansi: 7.2.0
      wrap-ansi: 9.0.2

  css-select@7.0.0:
    dependencies:
      boolbase: 2.0.0
      css-what: 8.0.0
      domhandler: 6.0.1
      domutils: 4.0.2
      nth-check: 3.0.1

  css-what@8.0.0: {}

  cssesc@3.0.0: {}

  cssom@0.5.0: {}

  devtools-protocol@0.0.1638949: {}

  dom-serializer@2.0.0:
    dependencies:
      domelementtype: 2.3.0
      domhandler: 5.0.3
      entities: 4.5.0

  dom-serializer@3.1.1:
    dependencies:
      domelementtype: 3.0.0
      domhandler: 6.0.1
      entities: 8.0.0

  domelementtype@2.3.0: {}

  domelementtype@3.0.0: {}

  domhandler@5.0.3:
    dependencies:
      domelementtype: 2.3.0

  domhandler@6.0.1:
    dependencies:
      domelementtype: 3.0.0

  domutils@3.2.2:
    dependencies:
      dom-serializer: 2.0.0
      domelementtype: 2.3.0
      domhandler: 5.0.3

  domutils@4.0.2:
    dependencies:
      dom-serializer: 3.1.1
      domelementtype: 3.0.0
      domhandler: 6.0.1

  emoji-regex@10.6.0: {}

  entities@4.5.0: {}

  entities@7.0.1: {}

  entities@8.0.0: {}

  esbuild@0.25.12:
    optionalDependencies:
      '@esbuild/aix-ppc64': 0.25.12
      '@esbuild/android-arm': 0.25.12
      '@esbuild/android-arm64': 0.25.12
      '@esbuild/android-x64': 0.25.12
      '@esbuild/darwin-arm64': 0.25.12
      '@esbuild/darwin-x64': 0.25.12
      '@esbuild/freebsd-arm64': 0.25.12
      '@esbuild/freebsd-x64': 0.25.12
      '@esbuild/linux-arm': 0.25.12
      '@esbuild/linux-arm64': 0.25.12
      '@esbuild/linux-ia32': 0.25.12
      '@esbuild/linux-loong64': 0.25.12
      '@esbuild/linux-mips64el': 0.25.12
      '@esbuild/linux-ppc64': 0.25.12
      '@esbuild/linux-riscv64': 0.25.12
      '@esbuild/linux-s390x': 0.25.12
      '@esbuild/linux-x64': 0.25.12
      '@esbuild/netbsd-arm64': 0.25.12
      '@esbuild/netbsd-x64': 0.25.12
      '@esbuild/openbsd-arm64': 0.25.12
      '@esbuild/openbsd-x64': 0.25.12
      '@esbuild/openharmony-arm64': 0.25.12
      '@esbuild/sunos-x64': 0.25.12
      '@esbuild/win32-arm64': 0.25.12
      '@esbuild/win32-ia32': 0.25.12
      '@esbuild/win32-x64': 0.25.12
    optional: true

  escalade@3.2.0: {}

  esprima@4.0.1: {}

  get-caller-file@2.0.5: {}

  get-east-asian-width@1.6.0: {}

  gsap@3.14.2: {}

  hono@4.12.31: {}

  html-escaper@3.0.3: {}

  htmlparser2@10.1.0:
    dependencies:
      domelementtype: 2.3.0
      domhandler: 5.0.3
      domutils: 3.2.2
      entities: 7.0.1

  lilconfig@3.1.3: {}

  linkedom@0.18.13:
    dependencies:
      css-select: 7.0.0
      cssom: 0.5.0
      html-escaper: 3.0.3
      htmlparser2: 10.1.0
      uhyphen: 0.2.0

  lottie-web@5.13.0: {}

  magic-string@0.30.21:
    dependencies:
      '@jridgewell/sourcemap-codec': 1.5.5

  mitt@3.0.1: {}

  modern-tar@0.7.7: {}

  nanoid@3.3.16: {}

  nth-check@3.0.1:
    dependencies:
      boolbase: 2.0.0

  picocolors@1.1.1: {}

  postcss-selector-parser@7.1.4:
    dependencies:
      cssesc: 3.0.0
      util-deprecate: 1.0.2

  postcss@8.5.21:
    dependencies:
      nanoid: 3.3.16
      picocolors: 1.1.1
      source-map-js: 1.2.1

  puppeteer-core@25.3.0:
    dependencies:
      '@puppeteer/browsers': 3.0.6
      chromium-bidi: 16.0.1(devtools-protocol@0.0.1638949)
      devtools-protocol: 0.0.1638949
      typed-query-selector: 2.12.2
      webdriver-bidi-protocol: 0.4.2
      ws: 8.21.1
    transitivePeerDependencies:
      - bufferutil
      - proxy-agent
      - utf-8-validate
      - yauzl

  puppeteer@25.3.0:
    dependencies:
      '@puppeteer/browsers': 3.0.6
      chromium-bidi: 16.0.1(devtools-protocol@0.0.1638949)
      devtools-protocol: 0.0.1638949
      lilconfig: 3.1.3
      puppeteer-core: 25.3.0
      typed-query-selector: 2.12.2
    transitivePeerDependencies:
      - bufferutil
      - proxy-agent
      - utf-8-validate
      - yauzl

  recast@0.23.12:
    dependencies:
      ast-types: 0.16.1
      esprima: 4.0.1
      source-map: 0.6.1
      tiny-invariant: 1.3.3
      tslib: 2.8.1

  source-map-js@1.2.1: {}

  source-map@0.6.1: {}

  string-width@7.2.0:
    dependencies:
      emoji-regex: 10.6.0
      get-east-asian-width: 1.6.0
      strip-ansi: 7.2.0

  strip-ansi@7.2.0:
    dependencies:
      ansi-regex: 6.2.2

  tiny-invariant@1.3.3: {}

  tslib@2.8.1: {}

  typed-query-selector@2.12.2: {}

  uhyphen@0.2.0: {}

  util-deprecate@1.0.2: {}

  wawoff2@2.0.1:
    dependencies:
      argparse: 2.0.1

  webdriver-bidi-protocol@0.4.2: {}

  wrap-ansi@9.0.2:
    dependencies:
      ansi-styles: 6.2.3
      string-width: 7.2.0
      strip-ansi: 7.2.0

  ws@8.21.1: {}

  y18n@5.0.8: {}

  yargs-parser@22.0.0: {}

  yargs@18.0.0:
    dependencies:
      cliui: 9.0.1
      escalade: 3.2.0
      get-caller-file: 2.0.5
      string-width: 7.2.0
      y18n: 5.0.8
      yargs-parser: 22.0.0

  zod@3.25.76: {}
